
Microsoft Visual Studio Solution File, Format Version 12.00
# Visual Studio 15
VisualStudioVersion = 15.0.27004.2009
MinimumVisualStudioVersion = 10.0.40219.1
Project("{FAE04EC0-301F-11D3-BF4B-00C04F79EFBC}") = "Z1", "Z1\Z1.csproj", "{4916D597-94B3-413E-A8FE-9FC029A7DC71}"
EndProject
Project("{FAE04EC0-301F-11D3-BF4B-00C04F79EFBC}") = "Z2", "Z2\Z2.csproj", "{630BB283-1DB6-4CE6-B69C-93D4DBC9A36C}"
EndProject
Project("{FAE04EC0-301F-11D3-BF4B-00C04F79EFBC}") = "Z3", "Z3\Z3.csproj", "{2E26C067-6350-4185-A155-8943AAC23CF1}"
EndProject
Project("{FAE04EC0-301F-11D3-BF4B-00C04F79EFBC}") = "Z4", "Z4\Z4.csproj", "{3D8C0350-FDBE-4E0E-983B-CECD7AC63263}"
EndProject
Project("{FAE04EC0-301F-11D3-BF4B-00C04F79EFBC}") = "Z5", "Z5\Z5.csproj", "{ABE4D4A0-0EB0-46E9-8CFE-BBA6AD5DA7AE}"
EndProject
Project("{FAE04EC0-301F-11D3-BF4B-00C04F79EFBC}") = "Z6", "Z6\Z6.csproj", "{D4F93FA2-BD9C-4457-8884-597AD3EB937D}"
EndProject
Project("{FAE04EC0-301F-11D3-BF4B-00C04F79EFBC}") = "Z7", "Z7\Z7.csproj", "{B8B2E755-A2D2-4C3C-9A15-DB82391DC8E4}"
EndProject
Project("{FAE04EC0-301F-11D3-BF4B-00C04F79EFBC}") = "Z8", "Z8\Z8.csproj", "{87731279-969A-4BC4-ADE1-6A593D90AF9E}"
EndProject
Project("{FAE04EC0-301F-11D3-BF4B-00C04F79EFBC}") = "Z9", "Z9\Z9.csproj", "{177D08A6-D32E-46BF-9884-17BA19229A13}"
EndProject
Project("{FAE04EC0-301F-11D3-BF4B-00C04F79EFBC}") = "Z10", "Z10\Z10.csproj", "{D56158D3-ADAB-40E5-8361-D6284F4ED25F}"
EndProject
Project("{FAE04EC0-301F-11D3-BF4B-00C04F79EFBC}") = "Z11", "Z11\Z11.csproj", "{E79AC385-4138-4314-A4FC-024CE329D670}"
EndProject
Project("{FAE04EC0-301F-11D3-BF4B-00C04F79EFBC}") = "Z12", "Z12\Z12.csproj", "{06C4C291-383C-44D9-9AF3-F3F75FB44800}"
EndProject
Project("{FAE04EC0-301F-11D3-BF4B-00C04F79EFBC}") = "Z13", "Z13\Z13.csproj", "{1F9C8BFF-31FD-4B53-A6AE-94F6F9F47926}"
EndProject
Project("{FAE04EC0-301F-11D3-BF4B-00C04F79EFBC}") = "Z14", "Z14\Z14.csproj", "{FC1DDA85-C880-4E42-8646-E7116B564FA6}"
EndProject
Project("{FAE04EC0-301F-11D3-BF4B-00C04F79EFBC}") = "Z15", "Z15\Z15.csproj", "{BDF81242-A9E7-4F38-BB0C-B14D41D35367}"
EndProject
Project("{FAE04EC0-301F-11D3-BF4B-00C04F79EFBC}") = "Z16", "Z16\Z16.csproj", "{174E5542-A71C-40B6-8DB9-3812B5363041}"
EndProject
Project("{FAE04EC0-301F-11D3-BF4B-00C04F79EFBC}") = "Z17", "Z17\Z17.csproj", "{8ACA0EA7-EF1A-4C7E-AB49-681F8E16DAE8}"
EndProject
Global
	GlobalSection(SolutionConfigurationPlatforms) = preSolution
		Debug|Any CPU = Debug|Any CPU
		Release|Any CPU = Release|Any CPU
	EndGlobalSection
	GlobalSection(ProjectConfigurationPlatforms) = postSolution
		{4916D597-94B3-413E-A8FE-9FC029A7DC71}.Debug|Any CPU.ActiveCfg = Debug|Any CPU
		{4916D597-94B3-413E-A8FE-9FC029A7DC71}.Debug|Any CPU.Build.0 = Debug|Any CPU
		{4916D597-94B3-413E-A8FE-9FC029A7DC71}.Release|Any CPU.ActiveCfg = Release|Any CPU
		{4916D597-94B3-413E-A8FE-9FC029A7DC71}.Release|Any CPU.Build.0 = Release|Any CPU
		{630BB283-1DB6-4CE6-B69C-93D4DBC9A36C}.Debug|Any CPU.ActiveCfg = Debug|Any CPU
		{630BB283-1DB6-4CE6-B69C-93D4DBC9A36C}.Debug|Any CPU.Build.0 = Debug|Any CPU
		{630BB283-1DB6-4CE6-B69C-93D4DBC9A36C}.Release|Any CPU.ActiveCfg = Release|Any CPU
		{630BB283-1DB6-4CE6-B69C-93D4DBC9A36C}.Release|Any CPU.Build.0 = Release|Any CPU
		{2E26C067-6350-4185-A155-8943AAC23CF1}.Debug|Any CPU.ActiveCfg = Debug|Any CPU
		{2E26C067-6350-4185-A155-8943AAC23CF1}.Debug|Any CPU.Build.0 = Debug|Any CPU
		{2E26C067-6350-4185-A155-8943AAC23CF1}.Release|Any CPU.ActiveCfg = Release|Any CPU
		{2E26C067-6350-4185-A155-8943AAC23CF1}.Release|Any CPU.Build.0 = Release|Any CPU
		{3D8C0350-FDBE-4E0E-983B-CECD7AC63263}.Debug|Any CPU.ActiveCfg = Debug|Any CPU
		{3D8C0350-FDBE-4E0E-983B-CECD7AC63263}.Debug|Any CPU.Build.0 = Debug|Any CPU
		{3D8C0350-FDBE-4E0E-983B-CECD7AC63263}.Release|Any CPU.ActiveCfg = Release|Any CPU
		{3D8C0350-FDBE-4E0E-983B-CECD7AC63263}.Release|Any CPU.Build.0 = Release|Any CPU
		{ABE4D4A0-0EB0-46E9-8CFE-BBA6AD5DA7AE}.Debug|Any CPU.ActiveCfg = Debug|Any CPU
		{ABE4D4A0-0EB0-46E9-8CFE-BBA6AD5DA7AE}.Debug|Any CPU.Build.0 = Debug|Any CPU
		{ABE4D4A0-0EB0-46E9-8CFE-BBA6AD5DA7AE}.Release|Any CPU.ActiveCfg = Release|Any CPU
		{ABE4D4A0-0EB0-46E9-8CFE-BBA6AD5DA7AE}.Release|Any CPU.Build.0 = Release|Any CPU
		{D4F93FA2-BD9C-4457-8884-597AD3EB937D}.Debug|Any CPU.ActiveCfg = Debug|Any CPU
		{D4F93FA2-BD9C-4457-8884-597AD3EB937D}.Debug|Any CPU.Build.0 = Debug|Any CPU
		{D4F93FA2-BD9C-4457-8884-597AD3EB937D}.Release|Any CPU.ActiveCfg = Release|Any CPU
		{D4F93FA2-BD9C-4457-8884-597AD3EB937D}.Release|Any CPU.Build.0 = Release|Any CPU
		{B8B2E755-A2D2-4C3C-9A15-DB82391DC8E4}.Debug|Any CPU.ActiveCfg = Debug|Any CPU
		{B8B2E755-A2D2-4C3C-9A15-DB82391DC8E4}.Debug|Any CPU.Build.0 = Debug|Any CPU
		{B8B2E755-A2D2-4C3C-9A15-DB82391DC8E4}.Release|Any CPU.ActiveCfg = Release|Any CPU
		{B8B2E755-A2D2-4C3C-9A15-DB82391DC8E4}.Release|Any CPU.Build.0 = Release|Any CPU
		{87731279-969A-4BC4-ADE1-6A593D90AF9E}.Debug|Any CPU.ActiveCfg = Debug|Any CPU
		{87731279-969A-4BC4-ADE1-6A593D90AF9E}.Debug|Any CPU.Build.0 = Debug|Any CPU
		{87731279-969A-4BC4-ADE1-6A593D90AF9E}.Release|Any CPU.ActiveCfg = Release|Any CPU
		{87731279-969A-4BC4-ADE1-6A593D90AF9E}.Release|Any CPU.Build.0 = Release|Any CPU
		{177D08A6-D32E-46BF-9884-17BA19229A13}.Debug|Any CPU.ActiveCfg = Debug|Any CPU
		{177D08A6-D32E-46BF-9884-17BA19229A13}.Debug|Any CPU.Build.0 = Debug|Any CPU
		{177D08A6-D32E-46BF-9884-17BA19229A13}.Release|Any CPU.ActiveCfg = Release|Any CPU
		{177D08A6-D32E-46BF-9884-17BA19229A13}.Release|Any CPU.Build.0 = Release|Any CPU
		{D56158D3-ADAB-40E5-8361-D6284F4ED25F}.Debug|Any CPU.ActiveCfg = Debug|Any CPU
		{D56158D3-ADAB-40E5-8361-D6284F4ED25F}.Debug|Any CPU.Build.0 = Debug|Any CPU
		{D56158D3-ADAB-40E5-8361-D6284F4ED25F}.Release|Any CPU.ActiveCfg = Release|Any CPU
		{D56158D3-ADAB-40E5-8361-D6284F4ED25F}.Release|Any CPU.Build.0 = Release|Any CPU
		{E79AC385-4138-4314-A4FC-024CE329D670}.Debug|Any CPU.ActiveCfg = Debug|Any CPU
		{E79AC385-4138-4314-A4FC-024CE329D670}.Debug|Any CPU.Build.0 = Debug|Any CPU
		{E79AC385-4138-4314-A4FC-024CE329D670}.Release|Any CPU.ActiveCfg = Release|Any CPU
		{E79AC385-4138-4314-A4FC-024CE329D670}.Release|Any CPU.Build.0 = Release|Any CPU
		{06C4C291-383C-44D9-9AF3-F3F75FB44800}.Debug|Any CPU.ActiveCfg = Debug|Any CPU
		{06C4C291-383C-44D9-9AF3-F3F75FB44800}.Debug|Any CPU.Build.0 = Debug|Any CPU
		{06C4C291-383C-44D9-9AF3-F3F75FB44800}.Release|Any CPU.ActiveCfg = Release|Any CPU
		{06C4C291-383C-44D9-9AF3-F3F75FB44800}.Release|Any CPU.Build.0 = Release|Any CPU
		{1F9C8BFF-31FD-4B53-A6AE-94F6F9F47926}.Debug|Any CPU.ActiveCfg = Debug|Any CPU
		{1F9C8BFF-31FD-4B53-A6AE-94F6F9F47926}.Debug|Any CPU.Build.0 = Debug|Any CPU
		{1F9C8BFF-31FD-4B53-A6AE-94F6F9F47926}.Release|Any CPU.ActiveCfg = Release|Any CPU
		{1F9C8BFF-31FD-4B53-A6AE-94F6F9F47926}.Release|Any CPU.Build.0 = Release|Any CPU
		{FC1DDA85-C880-4E42-8646-E7116B564FA6}.Debug|Any CPU.ActiveCfg = Debug|Any CPU
		{FC1DDA85-C880-4E42-8646-E7116B564FA6}.Debug|Any CPU.Build.0 = Debug|Any CPU
		{FC1DDA85-C880-4E42-8646-E7116B564FA6}.Release|Any CPU.ActiveCfg = Release|Any CPU
		{FC1DDA85-C880-4E42-8646-E7116B564FA6}.Release|Any CPU.Build.0 = Release|Any CPU
		{BDF81242-A9E7-4F38-BB0C-B14D41D35367}.Debug|Any CPU.ActiveCfg = Debug|Any CPU
		{BDF81242-A9E7-4F38-BB0C-B14D41D35367}.Debug|Any CPU.Build.0 = Debug|Any CPU
		{BDF81242-A9E7-4F38-BB0C-B14D41D35367}.Release|Any CPU.ActiveCfg = Release|Any CPU
		{BDF81242-A9E7-4F38-BB0C-B14D41D35367}.Release|Any CPU.Build.0 = Release|Any CPU
		{174E5542-A71C-40B6-8DB9-3812B5363041}.Debug|Any CPU.ActiveCfg = Debug|Any CPU
		{174E5542-A71C-40B6-8DB9-3812B5363041}.Debug|Any CPU.Build.0 = Debug|Any CPU
		{174E5542-A71C-40B6-8DB9-3812B5363041}.Release|Any CPU.ActiveCfg = Release|Any CPU
		{174E5542-A71C-40B6-8DB9-3812B5363041}.Release|Any CPU.Build.0 = Release|Any CPU
		{8ACA0EA7-EF1A-4C7E-AB49-681F8E16DAE8}.Debug|Any CPU.ActiveCfg = Debug|Any CPU
		{8ACA0EA7-EF1A-4C7E-AB49-681F8E16DAE8}.Debug|Any CPU.Build.0 = Debug|Any CPU
		{8ACA0EA7-EF1A-4C7E-AB49-681F8E16DAE8}.Release|Any CPU.ActiveCfg = Release|Any CPU
		{8ACA0EA7-EF1A-4C7E-AB49-681F8E16DAE8}.Release|Any CPU.Build.0 = Release|Any CPU
	EndGlobalSection
	GlobalSection(SolutionProperties) = preSolution
		HideSolutionNode = FALSE
	EndGlobalSection
	GlobalSection(ExtensibilityGlobals) = postSolution
		SolutionGuid = {2D5861CC-A0C2-40DE-A43E-456B9BBFB1DF}
	EndGlobalSection
EndGlobal
