
Microsoft Visual Studio Solution File, Format Version 12.00
# Visual Studio 15
VisualStudioVersion = 15.0.27004.2002
MinimumVisualStudioVersion = 10.0.40219.1
Project("{FAE04EC0-301F-11D3-BF4B-00C04F79EFBC}") = "Zadanie1", "Zadanie1\Zadanie1.csproj", "{C4C0CBE5-5547-4029-BB8B-4D5B5648EAFA}"
EndProject
Project("{FAE04EC0-301F-11D3-BF4B-00C04F79EFBC}") = "Zadanie2", "Zadanie2\Zadanie2.csproj", "{5E9CFFE8-9434-4B8D-8C56-480AB516255D}"
EndProject
Project("{FAE04EC0-301F-11D3-BF4B-00C04F79EFBC}") = "Zadanie3", "Zadanie3\Zadanie3.csproj", "{EA5BA812-14E2-4CAC-8114-28A7BA8A66D5}"
EndProject
Project("{FAE04EC0-301F-11D3-BF4B-00C04F79EFBC}") = "Zadanie4", "Zadanie4\Zadanie4.csproj", "{28F3FA3C-CCE4-43F7-9198-B4BAEC613F65}"
EndProject
Project("{FAE04EC0-301F-11D3-BF4B-00C04F79EFBC}") = "Zadanie5", "Zadanie5\Zadanie5.csproj", "{27866BF2-BD0C-4EC5-9B50-B6979F44A356}"
EndProject
Global
	GlobalSection(SolutionConfigurationPlatforms) = preSolution
		Debug|Any CPU = Debug|Any CPU
		Release|Any CPU = Release|Any CPU
	EndGlobalSection
	GlobalSection(ProjectConfigurationPlatforms) = postSolution
		{C4C0CBE5-5547-4029-BB8B-4D5B5648EAFA}.Debug|Any CPU.ActiveCfg = Debug|Any CPU
		{C4C0CBE5-5547-4029-BB8B-4D5B5648EAFA}.Debug|Any CPU.Build.0 = Debug|Any CPU
		{C4C0CBE5-5547-4029-BB8B-4D5B5648EAFA}.Release|Any CPU.ActiveCfg = Release|Any CPU
		{C4C0CBE5-5547-4029-BB8B-4D5B5648EAFA}.Release|Any CPU.Build.0 = Release|Any CPU
		{5E9CFFE8-9434-4B8D-8C56-480AB516255D}.Debug|Any CPU.ActiveCfg = Debug|Any CPU
		{5E9CFFE8-9434-4B8D-8C56-480AB516255D}.Debug|Any CPU.Build.0 = Debug|Any CPU
		{5E9CFFE8-9434-4B8D-8C56-480AB516255D}.Release|Any CPU.ActiveCfg = Release|Any CPU
		{5E9CFFE8-9434-4B8D-8C56-480AB516255D}.Release|Any CPU.Build.0 = Release|Any CPU
		{EA5BA812-14E2-4CAC-8114-28A7BA8A66D5}.Debug|Any CPU.ActiveCfg = Debug|Any CPU
		{EA5BA812-14E2-4CAC-8114-28A7BA8A66D5}.Debug|Any CPU.Build.0 = Debug|Any CPU
		{EA5BA812-14E2-4CAC-8114-28A7BA8A66D5}.Release|Any CPU.ActiveCfg = Release|Any CPU
		{EA5BA812-14E2-4CAC-8114-28A7BA8A66D5}.Release|Any CPU.Build.0 = Release|Any CPU
		{28F3FA3C-CCE4-43F7-9198-B4BAEC613F65}.Debug|Any CPU.ActiveCfg = Debug|Any CPU
		{28F3FA3C-CCE4-43F7-9198-B4BAEC613F65}.Debug|Any CPU.Build.0 = Debug|Any CPU
		{28F3FA3C-CCE4-43F7-9198-B4BAEC613F65}.Release|Any CPU.ActiveCfg = Release|Any CPU
		{28F3FA3C-CCE4-43F7-9198-B4BAEC613F65}.Release|Any CPU.Build.0 = Release|Any CPU
		{27866BF2-BD0C-4EC5-9B50-B6979F44A356}.Debug|Any CPU.ActiveCfg = Debug|Any CPU
		{27866BF2-BD0C-4EC5-9B50-B6979F44A356}.Debug|Any CPU.Build.0 = Debug|Any CPU
		{27866BF2-BD0C-4EC5-9B50-B6979F44A356}.Release|Any CPU.ActiveCfg = Release|Any CPU
		{27866BF2-BD0C-4EC5-9B50-B6979F44A356}.Release|Any CPU.Build.0 = Release|Any CPU
	EndGlobalSection
	GlobalSection(SolutionProperties) = preSolution
		HideSolutionNode = FALSE
	EndGlobalSection
	GlobalSection(ExtensibilityGlobals) = postSolution
		SolutionGuid = {2D51F4D3-ED5F-456F-B55E-1AF52071ABC1}
	EndGlobalSection
EndGlobal
