
Microsoft Visual Studio Solution File, Format Version 12.00
# Visual Studio 15
VisualStudioVersion = 15.0.27004.2009
MinimumVisualStudioVersion = 10.0.40219.1
Project("{FAE04EC0-301F-11D3-BF4B-00C04F79EFBC}") = "Z1", "Z1\Z1.csproj", "{34B771A4-AA35-4417-9E4E-12F625A72A43}"
EndProject
Project("{FAE04EC0-301F-11D3-BF4B-00C04F79EFBC}") = "Z2", "Z2\Z2.csproj", "{D0214716-8E55-410A-8B17-FF52CC7A19E1}"
EndProject
Project("{FAE04EC0-301F-11D3-BF4B-00C04F79EFBC}") = "Z3", "Z3\Z3.csproj", "{701152A6-5EF6-40A8-88BA-629407E2CE56}"
EndProject
Project("{FAE04EC0-301F-11D3-BF4B-00C04F79EFBC}") = "Z4", "Z4\Z4.csproj", "{F9084FF7-1CEE-46D3-A9C1-36C99953DC73}"
EndProject
Project("{FAE04EC0-301F-11D3-BF4B-00C04F79EFBC}") = "Z5", "Z5\Z5.csproj", "{E5D113ED-09D9-4C7C-8B67-C376AEA8797D}"
EndProject
Project("{FAE04EC0-301F-11D3-BF4B-00C04F79EFBC}") = "Z6", "Z6\Z6.csproj", "{2B7EFCEE-B812-4FE7-99E5-C396C633E7E4}"
EndProject
Project("{FAE04EC0-301F-11D3-BF4B-00C04F79EFBC}") = "Z7", "Z7\Z7.csproj", "{063CCB06-0BFA-4C28-9261-810458DD1F0E}"
EndProject
Project("{FAE04EC0-301F-11D3-BF4B-00C04F79EFBC}") = "Z8", "Z8\Z8.csproj", "{894A0092-0AFA-4713-BE83-7FE1BF182567}"
EndProject
Project("{FAE04EC0-301F-11D3-BF4B-00C04F79EFBC}") = "Z9", "Z9\Z9.csproj", "{CE6A76D7-5CAF-465B-8BB7-AB312628D0AE}"
EndProject
Project("{FAE04EC0-301F-11D3-BF4B-00C04F79EFBC}") = "Z10", "Z10\Z10.csproj", "{123C68E4-6999-4632-9F56-9AC2A035AD4C}"
EndProject
Project("{FAE04EC0-301F-11D3-BF4B-00C04F79EFBC}") = "Z11", "Z11\Z11.csproj", "{89C0A7B8-E712-4667-9989-679302510A0D}"
EndProject
Project("{FAE04EC0-301F-11D3-BF4B-00C04F79EFBC}") = "Z12", "Z12\Z12.csproj", "{139B85FC-CAF9-480E-A937-13435BFE9278}"
EndProject
Project("{FAE04EC0-301F-11D3-BF4B-00C04F79EFBC}") = "Z13", "Z13\Z13.csproj", "{07BAF4D0-20DD-4279-AB3C-669802C2112E}"
EndProject
Project("{FAE04EC0-301F-11D3-BF4B-00C04F79EFBC}") = "Z14", "Z14\Z14.csproj", "{EADD2AE9-F0B7-4CED-8239-B27D30A915C1}"
EndProject
Project("{FAE04EC0-301F-11D3-BF4B-00C04F79EFBC}") = "Z15", "Z15\Z15.csproj", "{61AF37BC-1832-411C-9F0B-AE0E7C05D740}"
EndProject
Project("{FAE04EC0-301F-11D3-BF4B-00C04F79EFBC}") = "Z16", "Z16\Z16.csproj", "{260395C2-7FB4-43B6-9597-8289F2B23EE2}"
EndProject
Project("{FAE04EC0-301F-11D3-BF4B-00C04F79EFBC}") = "Z17", "Z17\Z17.csproj", "{C7C4BBCB-6974-495F-B65B-7479B83428C0}"
EndProject
Project("{FAE04EC0-301F-11D3-BF4B-00C04F79EFBC}") = "Z18", "Z18\Z18.csproj", "{E56CE1B4-8146-4E60-9586-39417BAB973C}"
EndProject
Project("{FAE04EC0-301F-11D3-BF4B-00C04F79EFBC}") = "Z19", "Z19\Z19.csproj", "{263DEE3E-2ABE-445A-ACCD-30B6E8207ED5}"
EndProject
Project("{FAE04EC0-301F-11D3-BF4B-00C04F79EFBC}") = "Z20", "Z20\Z20.csproj", "{6D81F0E9-58D6-462A-A4A3-E8CBF12414DB}"
EndProject
Project("{FAE04EC0-301F-11D3-BF4B-00C04F79EFBC}") = "Z21", "Z21\Z21.csproj", "{C80A76E7-1057-46EB-968B-368C2D48051B}"
EndProject
Project("{FAE04EC0-301F-11D3-BF4B-00C04F79EFBC}") = "Z22", "Z22\Z22.csproj", "{AFA7AFA9-1815-4DD4-A109-229A87750B02}"
EndProject
Project("{FAE04EC0-301F-11D3-BF4B-00C04F79EFBC}") = "Z23", "Z23\Z23.csproj", "{F627A837-38D4-42B2-8410-118D7D6E7BB0}"
EndProject
Project("{FAE04EC0-301F-11D3-BF4B-00C04F79EFBC}") = "Z24", "Z24\Z24.csproj", "{2B2565B9-87E3-457F-B2EC-C23004BDBC03}"
EndProject
Project("{FAE04EC0-301F-11D3-BF4B-00C04F79EFBC}") = "Z25", "Z25\Z25.csproj", "{C663FDDD-BCC5-4673-A50C-0AE26B1642C5}"
EndProject
Project("{FAE04EC0-301F-11D3-BF4B-00C04F79EFBC}") = "Z26", "Z26\Z26.csproj", "{C0AAD63D-ECC8-4B94-8AA2-393D0F7A644B}"
EndProject
Project("{FAE04EC0-301F-11D3-BF4B-00C04F79EFBC}") = "Z27", "Z27\Z27.csproj", "{2EA0EEF2-7FFC-4DB4-BE71-F7A42495EF2E}"
EndProject
Project("{FAE04EC0-301F-11D3-BF4B-00C04F79EFBC}") = "Z28", "Z28\Z28.csproj", "{1DD91B25-24FD-4686-BC2A-75A81D1AAE7A}"
EndProject
Project("{FAE04EC0-301F-11D3-BF4B-00C04F79EFBC}") = "Z29", "Z29\Z29.csproj", "{95CF7B3D-86BB-489D-AEAF-8257EB3186AE}"
EndProject
Project("{FAE04EC0-301F-11D3-BF4B-00C04F79EFBC}") = "Z30", "Z30\Z30.csproj", "{75C36CF6-4FD0-4904-B104-C1A5055365CB}"
EndProject
Project("{FAE04EC0-301F-11D3-BF4B-00C04F79EFBC}") = "Z31", "Z31\Z31.csproj", "{C5740DD9-345C-4FE4-A4D4-2CD7B3529F66}"
EndProject
Global
	GlobalSection(SolutionConfigurationPlatforms) = preSolution
		Debug|Any CPU = Debug|Any CPU
		Release|Any CPU = Release|Any CPU
	EndGlobalSection
	GlobalSection(ProjectConfigurationPlatforms) = postSolution
		{34B771A4-AA35-4417-9E4E-12F625A72A43}.Debug|Any CPU.ActiveCfg = Debug|Any CPU
		{34B771A4-AA35-4417-9E4E-12F625A72A43}.Debug|Any CPU.Build.0 = Debug|Any CPU
		{34B771A4-AA35-4417-9E4E-12F625A72A43}.Release|Any CPU.ActiveCfg = Release|Any CPU
		{34B771A4-AA35-4417-9E4E-12F625A72A43}.Release|Any CPU.Build.0 = Release|Any CPU
		{D0214716-8E55-410A-8B17-FF52CC7A19E1}.Debug|Any CPU.ActiveCfg = Debug|Any CPU
		{D0214716-8E55-410A-8B17-FF52CC7A19E1}.Debug|Any CPU.Build.0 = Debug|Any CPU
		{D0214716-8E55-410A-8B17-FF52CC7A19E1}.Release|Any CPU.ActiveCfg = Release|Any CPU
		{D0214716-8E55-410A-8B17-FF52CC7A19E1}.Release|Any CPU.Build.0 = Release|Any CPU
		{701152A6-5EF6-40A8-88BA-629407E2CE56}.Debug|Any CPU.ActiveCfg = Debug|Any CPU
		{701152A6-5EF6-40A8-88BA-629407E2CE56}.Debug|Any CPU.Build.0 = Debug|Any CPU
		{701152A6-5EF6-40A8-88BA-629407E2CE56}.Release|Any CPU.ActiveCfg = Release|Any CPU
		{701152A6-5EF6-40A8-88BA-629407E2CE56}.Release|Any CPU.Build.0 = Release|Any CPU
		{F9084FF7-1CEE-46D3-A9C1-36C99953DC73}.Debug|Any CPU.ActiveCfg = Debug|Any CPU
		{F9084FF7-1CEE-46D3-A9C1-36C99953DC73}.Debug|Any CPU.Build.0 = Debug|Any CPU
		{F9084FF7-1CEE-46D3-A9C1-36C99953DC73}.Release|Any CPU.ActiveCfg = Release|Any CPU
		{F9084FF7-1CEE-46D3-A9C1-36C99953DC73}.Release|Any CPU.Build.0 = Release|Any CPU
		{E5D113ED-09D9-4C7C-8B67-C376AEA8797D}.Debug|Any CPU.ActiveCfg = Debug|Any CPU
		{E5D113ED-09D9-4C7C-8B67-C376AEA8797D}.Debug|Any CPU.Build.0 = Debug|Any CPU
		{E5D113ED-09D9-4C7C-8B67-C376AEA8797D}.Release|Any CPU.ActiveCfg = Release|Any CPU
		{E5D113ED-09D9-4C7C-8B67-C376AEA8797D}.Release|Any CPU.Build.0 = Release|Any CPU
		{2B7EFCEE-B812-4FE7-99E5-C396C633E7E4}.Debug|Any CPU.ActiveCfg = Debug|Any CPU
		{2B7EFCEE-B812-4FE7-99E5-C396C633E7E4}.Debug|Any CPU.Build.0 = Debug|Any CPU
		{2B7EFCEE-B812-4FE7-99E5-C396C633E7E4}.Release|Any CPU.ActiveCfg = Release|Any CPU
		{2B7EFCEE-B812-4FE7-99E5-C396C633E7E4}.Release|Any CPU.Build.0 = Release|Any CPU
		{063CCB06-0BFA-4C28-9261-810458DD1F0E}.Debug|Any CPU.ActiveCfg = Debug|Any CPU
		{063CCB06-0BFA-4C28-9261-810458DD1F0E}.Debug|Any CPU.Build.0 = Debug|Any CPU
		{063CCB06-0BFA-4C28-9261-810458DD1F0E}.Release|Any CPU.ActiveCfg = Release|Any CPU
		{063CCB06-0BFA-4C28-9261-810458DD1F0E}.Release|Any CPU.Build.0 = Release|Any CPU
		{894A0092-0AFA-4713-BE83-7FE1BF182567}.Debug|Any CPU.ActiveCfg = Debug|Any CPU
		{894A0092-0AFA-4713-BE83-7FE1BF182567}.Debug|Any CPU.Build.0 = Debug|Any CPU
		{894A0092-0AFA-4713-BE83-7FE1BF182567}.Release|Any CPU.ActiveCfg = Release|Any CPU
		{894A0092-0AFA-4713-BE83-7FE1BF182567}.Release|Any CPU.Build.0 = Release|Any CPU
		{CE6A76D7-5CAF-465B-8BB7-AB312628D0AE}.Debug|Any CPU.ActiveCfg = Debug|Any CPU
		{CE6A76D7-5CAF-465B-8BB7-AB312628D0AE}.Debug|Any CPU.Build.0 = Debug|Any CPU
		{CE6A76D7-5CAF-465B-8BB7-AB312628D0AE}.Release|Any CPU.ActiveCfg = Release|Any CPU
		{CE6A76D7-5CAF-465B-8BB7-AB312628D0AE}.Release|Any CPU.Build.0 = Release|Any CPU
		{123C68E4-6999-4632-9F56-9AC2A035AD4C}.Debug|Any CPU.ActiveCfg = Debug|Any CPU
		{123C68E4-6999-4632-9F56-9AC2A035AD4C}.Debug|Any CPU.Build.0 = Debug|Any CPU
		{123C68E4-6999-4632-9F56-9AC2A035AD4C}.Release|Any CPU.ActiveCfg = Release|Any CPU
		{123C68E4-6999-4632-9F56-9AC2A035AD4C}.Release|Any CPU.Build.0 = Release|Any CPU
		{89C0A7B8-E712-4667-9989-679302510A0D}.Debug|Any CPU.ActiveCfg = Debug|Any CPU
		{89C0A7B8-E712-4667-9989-679302510A0D}.Debug|Any CPU.Build.0 = Debug|Any CPU
		{89C0A7B8-E712-4667-9989-679302510A0D}.Release|Any CPU.ActiveCfg = Release|Any CPU
		{89C0A7B8-E712-4667-9989-679302510A0D}.Release|Any CPU.Build.0 = Release|Any CPU
		{139B85FC-CAF9-480E-A937-13435BFE9278}.Debug|Any CPU.ActiveCfg = Debug|Any CPU
		{139B85FC-CAF9-480E-A937-13435BFE9278}.Debug|Any CPU.Build.0 = Debug|Any CPU
		{139B85FC-CAF9-480E-A937-13435BFE9278}.Release|Any CPU.ActiveCfg = Release|Any CPU
		{139B85FC-CAF9-480E-A937-13435BFE9278}.Release|Any CPU.Build.0 = Release|Any CPU
		{07BAF4D0-20DD-4279-AB3C-669802C2112E}.Debug|Any CPU.ActiveCfg = Debug|Any CPU
		{07BAF4D0-20DD-4279-AB3C-669802C2112E}.Debug|Any CPU.Build.0 = Debug|Any CPU
		{07BAF4D0-20DD-4279-AB3C-669802C2112E}.Release|Any CPU.ActiveCfg = Release|Any CPU
		{07BAF4D0-20DD-4279-AB3C-669802C2112E}.Release|Any CPU.Build.0 = Release|Any CPU
		{EADD2AE9-F0B7-4CED-8239-B27D30A915C1}.Debug|Any CPU.ActiveCfg = Debug|Any CPU
		{EADD2AE9-F0B7-4CED-8239-B27D30A915C1}.Debug|Any CPU.Build.0 = Debug|Any CPU
		{EADD2AE9-F0B7-4CED-8239-B27D30A915C1}.Release|Any CPU.ActiveCfg = Release|Any CPU
		{EADD2AE9-F0B7-4CED-8239-B27D30A915C1}.Release|Any CPU.Build.0 = Release|Any CPU
		{61AF37BC-1832-411C-9F0B-AE0E7C05D740}.Debug|Any CPU.ActiveCfg = Debug|Any CPU
		{61AF37BC-1832-411C-9F0B-AE0E7C05D740}.Debug|Any CPU.Build.0 = Debug|Any CPU
		{61AF37BC-1832-411C-9F0B-AE0E7C05D740}.Release|Any CPU.ActiveCfg = Release|Any CPU
		{61AF37BC-1832-411C-9F0B-AE0E7C05D740}.Release|Any CPU.Build.0 = Release|Any CPU
		{260395C2-7FB4-43B6-9597-8289F2B23EE2}.Debug|Any CPU.ActiveCfg = Debug|Any CPU
		{260395C2-7FB4-43B6-9597-8289F2B23EE2}.Debug|Any CPU.Build.0 = Debug|Any CPU
		{260395C2-7FB4-43B6-9597-8289F2B23EE2}.Release|Any CPU.ActiveCfg = Release|Any CPU
		{260395C2-7FB4-43B6-9597-8289F2B23EE2}.Release|Any CPU.Build.0 = Release|Any CPU
		{C7C4BBCB-6974-495F-B65B-7479B83428C0}.Debug|Any CPU.ActiveCfg = Debug|Any CPU
		{C7C4BBCB-6974-495F-B65B-7479B83428C0}.Debug|Any CPU.Build.0 = Debug|Any CPU
		{C7C4BBCB-6974-495F-B65B-7479B83428C0}.Release|Any CPU.ActiveCfg = Release|Any CPU
		{C7C4BBCB-6974-495F-B65B-7479B83428C0}.Release|Any CPU.Build.0 = Release|Any CPU
		{E56CE1B4-8146-4E60-9586-39417BAB973C}.Debug|Any CPU.ActiveCfg = Debug|Any CPU
		{E56CE1B4-8146-4E60-9586-39417BAB973C}.Debug|Any CPU.Build.0 = Debug|Any CPU
		{E56CE1B4-8146-4E60-9586-39417BAB973C}.Release|Any CPU.ActiveCfg = Release|Any CPU
		{E56CE1B4-8146-4E60-9586-39417BAB973C}.Release|Any CPU.Build.0 = Release|Any CPU
		{263DEE3E-2ABE-445A-ACCD-30B6E8207ED5}.Debug|Any CPU.ActiveCfg = Debug|Any CPU
		{263DEE3E-2ABE-445A-ACCD-30B6E8207ED5}.Debug|Any CPU.Build.0 = Debug|Any CPU
		{263DEE3E-2ABE-445A-ACCD-30B6E8207ED5}.Release|Any CPU.ActiveCfg = Release|Any CPU
		{263DEE3E-2ABE-445A-ACCD-30B6E8207ED5}.Release|Any CPU.Build.0 = Release|Any CPU
		{6D81F0E9-58D6-462A-A4A3-E8CBF12414DB}.Debug|Any CPU.ActiveCfg = Debug|Any CPU
		{6D81F0E9-58D6-462A-A4A3-E8CBF12414DB}.Debug|Any CPU.Build.0 = Debug|Any CPU
		{6D81F0E9-58D6-462A-A4A3-E8CBF12414DB}.Release|Any CPU.ActiveCfg = Release|Any CPU
		{6D81F0E9-58D6-462A-A4A3-E8CBF12414DB}.Release|Any CPU.Build.0 = Release|Any CPU
		{C80A76E7-1057-46EB-968B-368C2D48051B}.Debug|Any CPU.ActiveCfg = Debug|Any CPU
		{C80A76E7-1057-46EB-968B-368C2D48051B}.Debug|Any CPU.Build.0 = Debug|Any CPU
		{C80A76E7-1057-46EB-968B-368C2D48051B}.Release|Any CPU.ActiveCfg = Release|Any CPU
		{C80A76E7-1057-46EB-968B-368C2D48051B}.Release|Any CPU.Build.0 = Release|Any CPU
		{AFA7AFA9-1815-4DD4-A109-229A87750B02}.Debug|Any CPU.ActiveCfg = Debug|Any CPU
		{AFA7AFA9-1815-4DD4-A109-229A87750B02}.Debug|Any CPU.Build.0 = Debug|Any CPU
		{AFA7AFA9-1815-4DD4-A109-229A87750B02}.Release|Any CPU.ActiveCfg = Release|Any CPU
		{AFA7AFA9-1815-4DD4-A109-229A87750B02}.Release|Any CPU.Build.0 = Release|Any CPU
		{F627A837-38D4-42B2-8410-118D7D6E7BB0}.Debug|Any CPU.ActiveCfg = Debug|Any CPU
		{F627A837-38D4-42B2-8410-118D7D6E7BB0}.Debug|Any CPU.Build.0 = Debug|Any CPU
		{F627A837-38D4-42B2-8410-118D7D6E7BB0}.Release|Any CPU.ActiveCfg = Release|Any CPU
		{F627A837-38D4-42B2-8410-118D7D6E7BB0}.Release|Any CPU.Build.0 = Release|Any CPU
		{2B2565B9-87E3-457F-B2EC-C23004BDBC03}.Debug|Any CPU.ActiveCfg = Debug|Any CPU
		{2B2565B9-87E3-457F-B2EC-C23004BDBC03}.Debug|Any CPU.Build.0 = Debug|Any CPU
		{2B2565B9-87E3-457F-B2EC-C23004BDBC03}.Release|Any CPU.ActiveCfg = Release|Any CPU
		{2B2565B9-87E3-457F-B2EC-C23004BDBC03}.Release|Any CPU.Build.0 = Release|Any CPU
		{C663FDDD-BCC5-4673-A50C-0AE26B1642C5}.Debug|Any CPU.ActiveCfg = Debug|Any CPU
		{C663FDDD-BCC5-4673-A50C-0AE26B1642C5}.Debug|Any CPU.Build.0 = Debug|Any CPU
		{C663FDDD-BCC5-4673-A50C-0AE26B1642C5}.Release|Any CPU.ActiveCfg = Release|Any CPU
		{C663FDDD-BCC5-4673-A50C-0AE26B1642C5}.Release|Any CPU.Build.0 = Release|Any CPU
		{C0AAD63D-ECC8-4B94-8AA2-393D0F7A644B}.Debug|Any CPU.ActiveCfg = Debug|Any CPU
		{C0AAD63D-ECC8-4B94-8AA2-393D0F7A644B}.Debug|Any CPU.Build.0 = Debug|Any CPU
		{C0AAD63D-ECC8-4B94-8AA2-393D0F7A644B}.Release|Any CPU.ActiveCfg = Release|Any CPU
		{C0AAD63D-ECC8-4B94-8AA2-393D0F7A644B}.Release|Any CPU.Build.0 = Release|Any CPU
		{2EA0EEF2-7FFC-4DB4-BE71-F7A42495EF2E}.Debug|Any CPU.ActiveCfg = Debug|Any CPU
		{2EA0EEF2-7FFC-4DB4-BE71-F7A42495EF2E}.Debug|Any CPU.Build.0 = Debug|Any CPU
		{2EA0EEF2-7FFC-4DB4-BE71-F7A42495EF2E}.Release|Any CPU.ActiveCfg = Release|Any CPU
		{2EA0EEF2-7FFC-4DB4-BE71-F7A42495EF2E}.Release|Any CPU.Build.0 = Release|Any CPU
		{1DD91B25-24FD-4686-BC2A-75A81D1AAE7A}.Debug|Any CPU.ActiveCfg = Debug|Any CPU
		{1DD91B25-24FD-4686-BC2A-75A81D1AAE7A}.Debug|Any CPU.Build.0 = Debug|Any CPU
		{1DD91B25-24FD-4686-BC2A-75A81D1AAE7A}.Release|Any CPU.ActiveCfg = Release|Any CPU
		{1DD91B25-24FD-4686-BC2A-75A81D1AAE7A}.Release|Any CPU.Build.0 = Release|Any CPU
		{95CF7B3D-86BB-489D-AEAF-8257EB3186AE}.Debug|Any CPU.ActiveCfg = Debug|Any CPU
		{95CF7B3D-86BB-489D-AEAF-8257EB3186AE}.Debug|Any CPU.Build.0 = Debug|Any CPU
		{95CF7B3D-86BB-489D-AEAF-8257EB3186AE}.Release|Any CPU.ActiveCfg = Release|Any CPU
		{95CF7B3D-86BB-489D-AEAF-8257EB3186AE}.Release|Any CPU.Build.0 = Release|Any CPU
		{75C36CF6-4FD0-4904-B104-C1A5055365CB}.Debug|Any CPU.ActiveCfg = Debug|Any CPU
		{75C36CF6-4FD0-4904-B104-C1A5055365CB}.Debug|Any CPU.Build.0 = Debug|Any CPU
		{75C36CF6-4FD0-4904-B104-C1A5055365CB}.Release|Any CPU.ActiveCfg = Release|Any CPU
		{75C36CF6-4FD0-4904-B104-C1A5055365CB}.Release|Any CPU.Build.0 = Release|Any CPU
		{C5740DD9-345C-4FE4-A4D4-2CD7B3529F66}.Debug|Any CPU.ActiveCfg = Debug|Any CPU
		{C5740DD9-345C-4FE4-A4D4-2CD7B3529F66}.Debug|Any CPU.Build.0 = Debug|Any CPU
		{C5740DD9-345C-4FE4-A4D4-2CD7B3529F66}.Release|Any CPU.ActiveCfg = Release|Any CPU
		{C5740DD9-345C-4FE4-A4D4-2CD7B3529F66}.Release|Any CPU.Build.0 = Release|Any CPU
	EndGlobalSection
	GlobalSection(SolutionProperties) = preSolution
		HideSolutionNode = FALSE
	EndGlobalSection
	GlobalSection(ExtensibilityGlobals) = postSolution
		SolutionGuid = {E39F9844-EBA9-47CE-B944-A4875B10AA00}
	EndGlobalSection
EndGlobal
