
Microsoft Visual Studio Solution File, Format Version 12.00
# Visual Studio 15
VisualStudioVersion = 15.0.27004.2009
MinimumVisualStudioVersion = 10.0.40219.1
Project("{FAE04EC0-301F-11D3-BF4B-00C04F79EFBC}") = "Z1", "Z1\Z1.csproj", "{3C3DBF0C-374A-4553-B08C-EA59A98FFDD3}"
EndProject
Project("{FAE04EC0-301F-11D3-BF4B-00C04F79EFBC}") = "Z2", "Z2\Z2.csproj", "{5A778008-325C-445E-9744-D822BA20069C}"
EndProject
Project("{FAE04EC0-301F-11D3-BF4B-00C04F79EFBC}") = "Z3", "Z3\Z3.csproj", "{7459081E-481E-4E54-A617-7C0484476621}"
EndProject
Project("{FAE04EC0-301F-11D3-BF4B-00C04F79EFBC}") = "Z4", "Z4\Z4.csproj", "{450795C5-CD63-4767-8E98-F0C945C41DFC}"
EndProject
Project("{FAE04EC0-301F-11D3-BF4B-00C04F79EFBC}") = "Z5", "Z5\Z5.csproj", "{C0F46684-29F4-4B51-8A39-8B3BEC597135}"
EndProject
Project("{FAE04EC0-301F-11D3-BF4B-00C04F79EFBC}") = "Z6", "Z6\Z6.csproj", "{096D7124-CF9F-41C2-80F7-AE9EC914048B}"
EndProject
Project("{FAE04EC0-301F-11D3-BF4B-00C04F79EFBC}") = "Z7", "Z7\Z7.csproj", "{B4C1A430-93D9-4C80-913A-37E0AEF39B71}"
EndProject
Project("{FAE04EC0-301F-11D3-BF4B-00C04F79EFBC}") = "Z8", "Z8\Z8.csproj", "{CBF39A57-E82D-41FE-B37D-FF5905F43AE1}"
EndProject
Project("{FAE04EC0-301F-11D3-BF4B-00C04F79EFBC}") = "Z9", "Z9\Z9.csproj", "{108BDCEA-6AE7-4DD4-B710-8AD0F24AE91A}"
EndProject
Project("{FAE04EC0-301F-11D3-BF4B-00C04F79EFBC}") = "Z10", "Z10\Z10.csproj", "{B7AD653A-5FE0-447D-8AB0-3BFCE1BBA316}"
EndProject
Project("{FAE04EC0-301F-11D3-BF4B-00C04F79EFBC}") = "Z11", "Z11\Z11.csproj", "{D8C5F278-C51B-449F-AE30-A1DA8A18CAFE}"
EndProject
Project("{FAE04EC0-301F-11D3-BF4B-00C04F79EFBC}") = "Z12", "Z12\Z12.csproj", "{5D7DACA7-0723-4BD9-B2DB-E234304D6548}"
EndProject
Project("{FAE04EC0-301F-11D3-BF4B-00C04F79EFBC}") = "Z13", "Z13\Z13.csproj", "{C8B08670-DA8E-417C-BE83-9E44294CE5E5}"
EndProject
Project("{FAE04EC0-301F-11D3-BF4B-00C04F79EFBC}") = "Z14", "Z14\Z14.csproj", "{B4C0C0AB-254E-4BE7-AB46-18D704FAA5C1}"
EndProject
Project("{FAE04EC0-301F-11D3-BF4B-00C04F79EFBC}") = "Z15", "Z15\Z15.csproj", "{F29BE157-CE67-4FD1-9AB3-821517E177B4}"
EndProject
Global
	GlobalSection(SolutionConfigurationPlatforms) = preSolution
		Debug|Any CPU = Debug|Any CPU
		Release|Any CPU = Release|Any CPU
	EndGlobalSection
	GlobalSection(ProjectConfigurationPlatforms) = postSolution
		{3C3DBF0C-374A-4553-B08C-EA59A98FFDD3}.Debug|Any CPU.ActiveCfg = Debug|Any CPU
		{3C3DBF0C-374A-4553-B08C-EA59A98FFDD3}.Debug|Any CPU.Build.0 = Debug|Any CPU
		{3C3DBF0C-374A-4553-B08C-EA59A98FFDD3}.Release|Any CPU.ActiveCfg = Release|Any CPU
		{3C3DBF0C-374A-4553-B08C-EA59A98FFDD3}.Release|Any CPU.Build.0 = Release|Any CPU
		{5A778008-325C-445E-9744-D822BA20069C}.Debug|Any CPU.ActiveCfg = Debug|Any CPU
		{5A778008-325C-445E-9744-D822BA20069C}.Debug|Any CPU.Build.0 = Debug|Any CPU
		{5A778008-325C-445E-9744-D822BA20069C}.Release|Any CPU.ActiveCfg = Release|Any CPU
		{5A778008-325C-445E-9744-D822BA20069C}.Release|Any CPU.Build.0 = Release|Any CPU
		{7459081E-481E-4E54-A617-7C0484476621}.Debug|Any CPU.ActiveCfg = Debug|Any CPU
		{7459081E-481E-4E54-A617-7C0484476621}.Debug|Any CPU.Build.0 = Debug|Any CPU
		{7459081E-481E-4E54-A617-7C0484476621}.Release|Any CPU.ActiveCfg = Release|Any CPU
		{7459081E-481E-4E54-A617-7C0484476621}.Release|Any CPU.Build.0 = Release|Any CPU
		{450795C5-CD63-4767-8E98-F0C945C41DFC}.Debug|Any CPU.ActiveCfg = Debug|Any CPU
		{450795C5-CD63-4767-8E98-F0C945C41DFC}.Debug|Any CPU.Build.0 = Debug|Any CPU
		{450795C5-CD63-4767-8E98-F0C945C41DFC}.Release|Any CPU.ActiveCfg = Release|Any CPU
		{450795C5-CD63-4767-8E98-F0C945C41DFC}.Release|Any CPU.Build.0 = Release|Any CPU
		{C0F46684-29F4-4B51-8A39-8B3BEC597135}.Debug|Any CPU.ActiveCfg = Debug|Any CPU
		{C0F46684-29F4-4B51-8A39-8B3BEC597135}.Debug|Any CPU.Build.0 = Debug|Any CPU
		{C0F46684-29F4-4B51-8A39-8B3BEC597135}.Release|Any CPU.ActiveCfg = Release|Any CPU
		{C0F46684-29F4-4B51-8A39-8B3BEC597135}.Release|Any CPU.Build.0 = Release|Any CPU
		{096D7124-CF9F-41C2-80F7-AE9EC914048B}.Debug|Any CPU.ActiveCfg = Debug|Any CPU
		{096D7124-CF9F-41C2-80F7-AE9EC914048B}.Debug|Any CPU.Build.0 = Debug|Any CPU
		{096D7124-CF9F-41C2-80F7-AE9EC914048B}.Release|Any CPU.ActiveCfg = Release|Any CPU
		{096D7124-CF9F-41C2-80F7-AE9EC914048B}.Release|Any CPU.Build.0 = Release|Any CPU
		{B4C1A430-93D9-4C80-913A-37E0AEF39B71}.Debug|Any CPU.ActiveCfg = Debug|Any CPU
		{B4C1A430-93D9-4C80-913A-37E0AEF39B71}.Debug|Any CPU.Build.0 = Debug|Any CPU
		{B4C1A430-93D9-4C80-913A-37E0AEF39B71}.Release|Any CPU.ActiveCfg = Release|Any CPU
		{B4C1A430-93D9-4C80-913A-37E0AEF39B71}.Release|Any CPU.Build.0 = Release|Any CPU
		{CBF39A57-E82D-41FE-B37D-FF5905F43AE1}.Debug|Any CPU.ActiveCfg = Debug|Any CPU
		{CBF39A57-E82D-41FE-B37D-FF5905F43AE1}.Debug|Any CPU.Build.0 = Debug|Any CPU
		{CBF39A57-E82D-41FE-B37D-FF5905F43AE1}.Release|Any CPU.ActiveCfg = Release|Any CPU
		{CBF39A57-E82D-41FE-B37D-FF5905F43AE1}.Release|Any CPU.Build.0 = Release|Any CPU
		{108BDCEA-6AE7-4DD4-B710-8AD0F24AE91A}.Debug|Any CPU.ActiveCfg = Debug|Any CPU
		{108BDCEA-6AE7-4DD4-B710-8AD0F24AE91A}.Debug|Any CPU.Build.0 = Debug|Any CPU
		{108BDCEA-6AE7-4DD4-B710-8AD0F24AE91A}.Release|Any CPU.ActiveCfg = Release|Any CPU
		{108BDCEA-6AE7-4DD4-B710-8AD0F24AE91A}.Release|Any CPU.Build.0 = Release|Any CPU
		{B7AD653A-5FE0-447D-8AB0-3BFCE1BBA316}.Debug|Any CPU.ActiveCfg = Debug|Any CPU
		{B7AD653A-5FE0-447D-8AB0-3BFCE1BBA316}.Debug|Any CPU.Build.0 = Debug|Any CPU
		{B7AD653A-5FE0-447D-8AB0-3BFCE1BBA316}.Release|Any CPU.ActiveCfg = Release|Any CPU
		{B7AD653A-5FE0-447D-8AB0-3BFCE1BBA316}.Release|Any CPU.Build.0 = Release|Any CPU
		{D8C5F278-C51B-449F-AE30-A1DA8A18CAFE}.Debug|Any CPU.ActiveCfg = Debug|Any CPU
		{D8C5F278-C51B-449F-AE30-A1DA8A18CAFE}.Debug|Any CPU.Build.0 = Debug|Any CPU
		{D8C5F278-C51B-449F-AE30-A1DA8A18CAFE}.Release|Any CPU.ActiveCfg = Release|Any CPU
		{D8C5F278-C51B-449F-AE30-A1DA8A18CAFE}.Release|Any CPU.Build.0 = Release|Any CPU
		{5D7DACA7-0723-4BD9-B2DB-E234304D6548}.Debug|Any CPU.ActiveCfg = Debug|Any CPU
		{5D7DACA7-0723-4BD9-B2DB-E234304D6548}.Debug|Any CPU.Build.0 = Debug|Any CPU
		{5D7DACA7-0723-4BD9-B2DB-E234304D6548}.Release|Any CPU.ActiveCfg = Release|Any CPU
		{5D7DACA7-0723-4BD9-B2DB-E234304D6548}.Release|Any CPU.Build.0 = Release|Any CPU
		{C8B08670-DA8E-417C-BE83-9E44294CE5E5}.Debug|Any CPU.ActiveCfg = Debug|Any CPU
		{C8B08670-DA8E-417C-BE83-9E44294CE5E5}.Debug|Any CPU.Build.0 = Debug|Any CPU
		{C8B08670-DA8E-417C-BE83-9E44294CE5E5}.Release|Any CPU.ActiveCfg = Release|Any CPU
		{C8B08670-DA8E-417C-BE83-9E44294CE5E5}.Release|Any CPU.Build.0 = Release|Any CPU
		{B4C0C0AB-254E-4BE7-AB46-18D704FAA5C1}.Debug|Any CPU.ActiveCfg = Debug|Any CPU
		{B4C0C0AB-254E-4BE7-AB46-18D704FAA5C1}.Debug|Any CPU.Build.0 = Debug|Any CPU
		{B4C0C0AB-254E-4BE7-AB46-18D704FAA5C1}.Release|Any CPU.ActiveCfg = Release|Any CPU
		{B4C0C0AB-254E-4BE7-AB46-18D704FAA5C1}.Release|Any CPU.Build.0 = Release|Any CPU
		{F29BE157-CE67-4FD1-9AB3-821517E177B4}.Debug|Any CPU.ActiveCfg = Debug|Any CPU
		{F29BE157-CE67-4FD1-9AB3-821517E177B4}.Debug|Any CPU.Build.0 = Debug|Any CPU
		{F29BE157-CE67-4FD1-9AB3-821517E177B4}.Release|Any CPU.ActiveCfg = Release|Any CPU
		{F29BE157-CE67-4FD1-9AB3-821517E177B4}.Release|Any CPU.Build.0 = Release|Any CPU
	EndGlobalSection
	GlobalSection(SolutionProperties) = preSolution
		HideSolutionNode = FALSE
	EndGlobalSection
	GlobalSection(ExtensibilityGlobals) = postSolution
		SolutionGuid = {00EAF853-5278-404E-B3D0-611227B126C9}
	EndGlobalSection
EndGlobal
